// !$*UTF8*$!
{
	archiveVersion = 1;
	classes = {
	};
	objectVersion = 50;
	objects = {

/* Begin PBXBuildFile section */
		EE87346C2721260E00F77941 /* DetailView.swift in Sources */ = {isa = PBXBuildFile; fileRef = EE87346B2721260E00F77941 /* DetailView.swift */; };
		EEBB0687271FB886001307AB /* BookwormsApp.swift in Sources */ = {isa = PBXBuildFile; fileRef = EEBB0686271FB886001307AB /* BookwormsApp.swift */; };
		EEBB0689271FB886001307AB /* ContentView.swift in Sources */ = {isa = PBXBuildFile; fileRef = EEBB0688271FB886001307AB /* ContentView.swift */; };
		EEBB068B271FB889001307AB /* Assets.xcassets in Resources */ = {isa = PBXBuildFile; fileRef = EEBB068A271FB889001307AB /* Assets.xcassets */; };
		EEBB068E271FB889001307AB /* Preview Assets.xcassets in Resources */ = {isa = PBXBuildFile; fileRef = EEBB068D271FB889001307AB /* Preview Assets.xcassets */; };
		EEBB0690271FB889001307AB /* Persistence.swift in Sources */ = {isa = PBXBuildFile; fileRef = EEBB068F271FB889001307AB /* Persistence.swift */; };
		EEBB0693271FB889001307AB /* Bookworms.xcdatamodeld in Sources */ = {isa = PBXBuildFile; fileRef = EEBB0691271FB889001307AB /* Bookworms.xcdatamodeld */; };
		EEBB069B271FB91E001307AB /* AddBookView.swift in Sources */ = {isa = PBXBuildFile; fileRef = EEBB069A271FB91E001307AB /* AddBookView.swift */; };
		EEBB069D271FB92B001307AB /* RatingView.swift in Sources */ = {isa = PBXBuildFile; fileRef = EEBB069C271FB92B001307AB /* RatingView.swift */; };
		EEDCC849271FC64B007103D3 /* EmojiRatingView.swift in Sources */ = {isa = PBXBuildFile; fileRef = EEDCC848271FC64B007103D3 /* EmojiRatingView.swift */; };
/* End PBXBuildFile section */

/* Begin PBXFileReference section */
		EE87346B2721260E00F77941 /* DetailView.swift */ = {isa = PBXFileReference; lastKnownFileType = sourcecode.swift; path = DetailView.swift; sourceTree = "<group>"; };
		EEBB0683271FB886001307AB /* Bookworms.app */ = {isa = PBXFileReference; explicitFileType = wrapper.application; includeInIndex = 0; path = Bookworms.app; sourceTree = BUILT_PRODUCTS_DIR; };
		EEBB0686271FB886001307AB /* BookwormsApp.swift */ = {isa = PBXFileReference; lastKnownFileType = sourcecode.swift; path = BookwormsApp.swift; sourceTree = "<group>"; };
		EEBB0688271FB886001307AB /* ContentView.swift */ = {isa = PBXFileReference; lastKnownFileType = sourcecode.swift; path = ContentView.swift; sourceTree = "<group>"; };
		EEBB068A271FB889001307AB /* Assets.xcassets */ = {isa = PBXFileReference; lastKnownFileType = folder.assetcatalog; path = Assets.xcassets; sourceTree = "<group>"; };
		EEBB068D271FB889001307AB /* Preview Assets.xcassets */ = {isa = PBXFileReference; lastKnownFileType = folder.assetcatalog; path = "Preview Assets.xcassets"; sourceTree = "<group>"; };
		EEBB068F271FB889001307AB /* Persistence.swift */ = {isa = PBXFileReference; lastKnownFileType = sourcecode.swift; path = Persistence.swift; sourceTree = "<group>"; };
		EEBB0692271FB889001307AB /* Bookworms.xcdatamodel */ = {isa = PBXFileReference; lastKnownFileType = wrapper.xcdatamodel; path = Bookworms.xcdatamodel; sourceTree = "<group>"; };
		EEBB0694271FB889001307AB /* Info.plist */ = {isa = PBXFileReference; lastKnownFileType = text.plist.xml; path = Info.plist; sourceTree = "<group>"; };
		EEBB069A271FB91E001307AB /* AddBookView.swift */ = {isa = PBXFileReference; lastKnownFileType = sourcecode.swift; path = AddBookView.swift; sourceTree = "<group>"; };
		EEBB069C271FB92B001307AB /* RatingView.swift */ = {isa = PBXFileReference; lastKnownFileType = sourcecode.swift; path = RatingView.swift; sourceTree = "<group>"; };
		EEDCC847271FBB01007103D3 /* Bookworms.xctestplan */ = {isa = PBXFileReference; lastKnownFileType = text; path = Bookworms.xctestplan; sourceTree = "<group>"; };
		EEDCC848271FC64B007103D3 /* EmojiRatingView.swift */ = {isa = PBXFileReference; lastKnownFileType = sourcecode.swift; path = EmojiRatingView.swift; sourceTree = "<group>"; };
/* End PBXFileReference section */

/* Begin PBXFrameworksBuildPhase section */
		EEBB0680271FB886001307AB /* Frameworks */ = {
			isa = PBXFrameworksBuildPhase;
			buildActionMask = 2147483647;
			files = (
			);
			runOnlyForDeploymentPostprocessing = 0;
		};
/* End PBXFrameworksBuildPhase section */

/* Begin PBXGroup section */
		EEBB067A271FB886001307AB = {
			isa = PBXGroup;
			children = (
				EEBB0685271FB886001307AB /* Bookworms */,
				EEBB0684271FB886001307AB /* Products */,
			);
			sourceTree = "<group>";
		};
		EEBB0684271FB886001307AB /* Products */ = {
			isa = PBXGroup;
			children = (
				EEBB0683271FB886001307AB /* Bookworms.app */,
			);
			name = Products;
			sourceTree = "<group>";
		};
		EEBB0685271FB886001307AB /* Bookworms */ = {
			isa = PBXGroup;
			children = (
				EEBB0686271FB886001307AB /* BookwormsApp.swift */,
				EEBB0688271FB886001307AB /* ContentView.swift */,
				EEDCC847271FBB01007103D3 /* Bookworms.xctestplan */,
				EEBB069A271FB91E001307AB /* AddBookView.swift */,
				EEDCC848271FC64B007103D3 /* EmojiRatingView.swift */,
				EEBB069C271FB92B001307AB /* RatingView.swift */,
				EEBB068A271FB889001307AB /* Assets.xcassets */,
				EE87346B2721260E00F77941 /* DetailView.swift */,
				EEBB068F271FB889001307AB /* Persistence.swift */,
				EEBB0694271FB889001307AB /* Info.plist */,
				EEBB0691271FB889001307AB /* Bookworms.xcdatamodeld */,
				EEBB068C271FB889001307AB /* Preview Content */,
			);
			path = Bookworms;
			sourceTree = "<group>";
		};
		EEBB068C271FB889001307AB /* Preview Content */ = {
			isa = PBXGroup;
			children = (
				EEBB068D271FB889001307AB /* Preview Assets.xcassets */,
			);
			path = "Preview Content";
			sourceTree = "<group>";
		};
/* End PBXGroup section */

/* Begin PBXNativeTarget section */
		EEBB0682271FB886001307AB /* Bookworms */ = {
			isa = PBXNativeTarget;
			buildConfigurationList = EEBB0697271FB889001307AB /* Build configuration list for PBXNativeTarget "Bookworms" */;
			buildPhases = (
				EEBB067F271FB886001307AB /* Sources */,
				EEBB0680271FB886001307AB /* Frameworks */,
				EEBB0681271FB886001307AB /* Resources */,
			);
			buildRules = (
			);
			dependencies = (
			);
			name = Bookworms;
			productName = Bookworms;
			productReference = EEBB0683271FB886001307AB /* Bookworms.app */;
			productType = "com.apple.product-type.application";
		};
/* End PBXNativeTarget section */

/* Begin PBXProject section */
		EEBB067B271FB886001307AB /* Project object */ = {
			isa = PBXProject;
			attributes = {
				LastSwiftUpdateCheck = 1250;
				LastUpgradeCheck = 1250;
				TargetAttributes = {
					EEBB0682271FB886001307AB = {
						CreatedOnToolsVersion = 12.5.1;
					};
				};
			};
			buildConfigurationList = EEBB067E271FB886001307AB /* Build configuration list for PBXProject "Bookworms" */;
			compatibilityVersion = "Xcode 9.3";
			developmentRegion = en;
			hasScannedForEncodings = 0;
			knownRegions = (
				en,
				Base,
			);
			mainGroup = EEBB067A271FB886001307AB;
			productRefGroup = EEBB0684271FB886001307AB /* Products */;
			projectDirPath = "";
			projectRoot = "";
			targets = (
				EEBB0682271FB886001307AB /* Bookworms */,
			);
		};
/* End PBXProject section */

/* Begin PBXResourcesBuildPhase section */
		EEBB0681271FB886001307AB /* Resources */ = {
			isa = PBXResourcesBuildPhase;
			buildActionMask = 2147483647;
			files = (
				EEBB068E271FB889001307AB /* Preview Assets.xcassets in Resources */,
				EEBB068B271FB889001307AB /* Assets.xcassets in Resources */,
			);
			runOnlyForDeploymentPostprocessing = 0;
		};
/* End PBXResourcesBuildPhase section */

/* Begin PBXSourcesBuildPhase section */
		EEBB067F271FB886001307AB /* Sources */ = {
			isa = PBXSourcesBuildPhase;
			buildActionMask = 2147483647;
			files = (
				EEBB0690271FB889001307AB /* Persistence.swift in Sources */,
				EE87346C2721260E00F77941 /* DetailView.swift in Sources */,
				EEBB0693271FB889001307AB /* Bookworms.xcdatamodeld in Sources */,
				EEDCC849271FC64B007103D3 /* EmojiRatingView.swift in Sources */,
				EEBB0689271FB886001307AB /* ContentView.swift in Sources */,
				EEBB069D271FB92B001307AB /* RatingView.swift in Sources */,
				EEBB0687271FB886001307AB /* BookwormsApp.swift in Sources */,
				EEBB069B271FB91E001307AB /* AddBookView.swift in Sources */,
			);
			runOnlyForDeploymentPostprocessing = 0;
		};
/* End PBXSourcesBuildPhase section */

/* Begin XCBuildConfiguration section */
		EEBB0695271FB889001307AB /* Debug */ = {
			isa = XCBuildConfiguration;
			buildSettings = {
				ALWAYS_SEARCH_USER_PATHS = NO;
				CLANG_ANALYZER_NONNULL = YES;
				CLANG_ANALYZER_NUMBER_OBJECT_CONVERSION = YES_AGGRESSIVE;
				CLANG_CXX_LANGUAGE_STANDARD = "gnu++14";
				CLANG_CXX_LIBRARY = "libc++";
				CLANG_ENABLE_MODULES = YES;
				CLANG_ENABLE_OBJC_ARC = YES;
				CLANG_ENABLE_OBJC_WEAK = YES;
				CLANG_WARN_BLOCK_CAPTURE_AUTORELEASING = YES;
				CLANG_WARN_BOOL_CONVERSION = YES;
				CLANG_WARN_COMMA = YES;
				CLANG_WARN_CONSTANT_CONVERSION = YES;
				CLANG_WARN_DEPRECATED_OBJC_IMPLEMENTATIONS = YES;
				CLANG_WARN_DIRECT_OBJC_ISA_USAGE = YES_ERROR;
				CLANG_WARN_DOCUMENTATION_COMMENTS = YES;
				CLANG_WARN_EMPTY_BODY = YES;
				CLANG_WARN_ENUM_CONVERSION = YES;
				CLANG_WARN_INFINITE_RECURSION = YES;
				CLANG_WARN_INT_CONVERSION = YES;
				CLANG_WARN_NON_LITERAL_NULL_CONVERSION = YES;
				CLANG_WARN_OBJC_IMPLICIT_RETAIN_SELF = YES;
				CLANG_WARN_OBJC_LITERAL_CONVERSION = YES;
				CLANG_WARN_OBJC_ROOT_CLASS = YES_ERROR;
				CLANG_WARN_QUOTED_INCLUDE_IN_FRAMEWORK_HEADER = YES;
				CLANG_WARN_RANGE_LOOP_ANALYSIS = YES;
				CLANG_WARN_STRICT_PROTOTYPES = YES;
				CLANG_WARN_SUSPICIOUS_MOVE = YES;
				CLANG_WARN_UNGUARDED_AVAILABILITY = YES_AGGRESSIVE;
				CLANG_WARN_UNREACHABLE_CODE = YES;
				CLANG_WARN__DUPLICATE_METHOD_MATCH = YES;
				COPY_PHASE_STRIP = NO;
				DEBUG_INFORMATION_FORMAT = dwarf;
				ENABLE_STRICT_OBJC_MSGSEND = YES;
				ENABLE_TESTABILITY = YES;
				GCC_C_LANGUAGE_STANDARD = gnu11;
				GCC_DYNAMIC_NO_PIC = NO;
				GCC_NO_COMMON_BLOCKS = YES;
				GCC_OPTIMIZATION_LEVEL = 0;
				GCC_PREPROCESSOR_DEFINITIONS = (
					"DEBUG=1",
					"$(inherited)",
				);
				GCC_WARN_64_TO_32_BIT_CONVERSION = YES;
				GCC_WARN_ABOUT_RETURN_TYPE = YES_ERROR;
				GCC_WARN_UNDECLARED_SELECTOR = YES;
				GCC_WARN_UNINITIALIZED_AUTOS = YES_AGGRESSIVE;
				GCC_WARN_UNUSED_FUNCTION = YES;
				GCC_WARN_UNUSED_VARIABLE = YES;
				IPHONEOS_DEPLOYMENT_TARGET = 14.5;
				MTL_ENABLE_DEBUG_INFO = INCLUDE_SOURCE;
				MTL_FAST_MATH = YES;
				ONLY_ACTIVE_ARCH = YES;
				SDKROOT = iphoneos;
				SWIFT_ACTIVE_COMPILATION_CONDITIONS = DEBUG;
				SWIFT_OPTIMIZATION_LEVEL = "-Onone";
			};
			name = Debug;
		};
		EEBB0696271FB889001307AB /* Release */ = {
			isa = XCBuildConfiguration;
			buildSettings = {
				ALWAYS_SEARCH_USER_PATHS = NO;
				CLANG_ANALYZER_NONNULL = YES;
				CLANG_ANALYZER_NUMBER_OBJECT_CONVERSION = YES_AGGRESSIVE;
				CLANG_CXX_LANGUAGE_STANDARD = "gnu++14";
				CLANG_CXX_LIBRARY = "libc++";
				CLANG_ENABLE_MODULES = YES;
				CLANG_ENABLE_OBJC_ARC = YES;
				CLANG_ENABLE_OBJC_WEAK = YES;
				CLANG_WARN_BLOCK_CAPTURE_AUTORELEASING = YES;
				CLANG_WARN_BOOL_CONVERSION = YES;
				CLANG_WARN_COMMA = YES;
				CLANG_WARN_CONSTANT_CONVERSION = YES;
				CLANG_WARN_DEPRECATED_OBJC_IMPLEMENTATIONS = YES;
				CLANG_WARN_DIRECT_OBJC_ISA_USAGE = YES_ERROR;
				CLANG_WARN_DOCUMENTATION_COMMENTS = YES;
				CLANG_WARN_EMPTY_BODY = YES;
				CLANG_WARN_ENUM_CONVERSION = YES;
				CLANG_WARN_INFINITE_RECURSION = YES;
				CLANG_WARN_INT_CONVERSION = YES;
				CLANG_WARN_NON_LITERAL_NULL_CONVERSION = YES;
				CLANG_WARN_OBJC_IMPLICIT_RETAIN_SELF = YES;
				CLANG_WARN_OBJC_LITERAL_CONVERSION = YES;
				CLANG_WARN_OBJC_ROOT_CLASS = YES_ERROR;
				CLANG_WARN_QUOTED_INCLUDE_IN_FRAMEWORK_HEADER = YES;
				CLANG_WARN_RANGE_LOOP_ANALYSIS = YES;
				CLANG_WARN_STRICT_PROTOTYPES = YES;
				CLANG_WARN_SUSPICIOUS_MOVE = YES;
				CLANG_WARN_UNGUARDED_AVAILABILITY = YES_AGGRESSIVE;
				CLANG_WARN_UNREACHABLE_CODE = YES;
				CLANG_WARN__DUPLICATE_METHOD_MATCH = YES;
				COPY_PHASE_STRIP = NO;
				DEBUG_INFORMATION_FORMAT = "dwarf-with-dsym";
				ENABLE_NS_ASSERTIONS = NO;
				ENABLE_STRICT_OBJC_MSGSEND = YES;
				GCC_C_LANGUAGE_STANDARD = gnu11;
				GCC_NO_COMMON_BLOCKS = YES;
				GCC_WARN_64_TO_32_BIT_CONVERSION = YES;
				GCC_WARN_ABOUT_RETURN_TYPE = YES_ERROR;
				GCC_WARN_UNDECLARED_SELECTOR = YES;
				GCC_WARN_UNINITIALIZED_AUTOS = YES_AGGRESSIVE;
				GCC_WARN_UNUSED_FUNCTION = YES;
				GCC_WARN_UNUSED_VARIABLE = YES;
				IPHONEOS_DEPLOYMENT_TARGET = 14.5;
				MTL_ENABLE_DEBUG_INFO = NO;
				MTL_FAST_MATH = YES;
				SDKROOT = iphoneos;
				SWIFT_COMPILATION_MODE = wholemodule;
				SWIFT_OPTIMIZATION_LEVEL = "-O";
				VALIDATE_PRODUCT = YES;
			};
			name = Release;
		};
		EEBB0698271FB889001307AB /* Debug */ = {
			isa = XCBuildConfiguration;
			buildSettings = {
				ASSETCATALOG_COMPILER_APPICON_NAME = AppIcon;
				ASSETCATALOG_COMPILER_GLOBAL_ACCENT_COLOR_NAME = AccentColor;
				CODE_SIGN_STYLE = Automatic;
				DEVELOPMENT_ASSET_PATHS = "\"Bookworms/Preview Content\"";
				ENABLE_PREVIEWS = YES;
				INFOPLIST_FILE = Bookworms/Info.plist;
				IPHONEOS_DEPLOYMENT_TARGET = 14.0;
				LD_RUNPATH_SEARCH_PATHS = (
					"$(inherited)",
					"@executable_path/Frameworks",
				);
				PRODUCT_BUNDLE_IDENTIFIER = com.knowselfdaily.Bookworms;
				PRODUCT_NAME = "$(TARGET_NAME)";
				SWIFT_VERSION = 5.0;
				TARGETED_DEVICE_FAMILY = "1,2";
			};
			name = Debug;
		};
		EEBB0699271FB889001307AB /* Release */ = {
			isa = XCBuildConfiguration;
			buildSettings = {
				ASSETCATALOG_COMPILER_APPICON_NAME = AppIcon;
				ASSETCATALOG_COMPILER_GLOBAL_ACCENT_COLOR_NAME = AccentColor;
				CODE_SIGN_STYLE = Automatic;
				DEVELOPMENT_ASSET_PATHS = "\"Bookworms/Preview Content\"";
				ENABLE_PREVIEWS = YES;
				INFOPLIST_FILE = Bookworms/Info.plist;
				IPHONEOS_DEPLOYMENT_TARGET = 14.0;
				LD_RUNPATH_SEARCH_PATHS = (
					"$(inherited)",
					"@executable_path/Frameworks",
				);
				PRODUCT_BUNDLE_IDENTIFIER = com.knowselfdaily.Bookworms;
				PRODUCT_NAME = "$(TARGET_NAME)";
				SWIFT_VERSION = 5.0;
				TARGETED_DEVICE_FAMILY = "1,2";
			};
			name = Release;
		};
/* End XCBuildConfiguration section */

/* Begin XCConfigurationList section */
		EEBB067E271FB886001307AB /* Build configuration list for PBXProject "Bookworms" */ = {
			isa = XCConfigurationList;
			buildConfigurations = (
				EEBB0695271FB889001307AB /* Debug */,
				EEBB0696271FB889001307AB /* Release */,
			);
			defaultConfigurationIsVisible = 0;
			defaultConfigurationName = Release;
		};
		EEBB0697271FB889001307AB /* Build configuration list for PBXNativeTarget "Bookworms" */ = {
			isa = XCConfigurationList;
			buildConfigurations = (
				EEBB0698271FB889001307AB /* Debug */,
				EEBB0699271FB889001307AB /* Release */,
			);
			defaultConfigurationIsVisible = 0;
			defaultConfigurationName = Release;
		};
/* End XCConfigurationList section */

/* Begin XCVersionGroup section */
		EEBB0691271FB889001307AB /* Bookworms.xcdatamodeld */ = {
			isa = XCVersionGroup;
			children = (
				EEBB0692271FB889001307AB /* Bookworms.xcdatamodel */,
			);
			currentVersion = EEBB0692271FB889001307AB /* Bookworms.xcdatamodel */;
			path = Bookworms.xcdatamodeld;
			sourceTree = "<group>";
			versionGroupType = wrapper.xcdatamodel;
		};
/* End XCVersionGroup section */
	};
	rootObject = EEBB067B271FB886001307AB /* Project object */;
}
